
Microsoft Visual Studio Solution File, Format Version 12.00
# Visual Studio 15
VisualStudioVersion = 15.0.25807.0
MinimumVisualStudioVersion = 10.0.40219.1
Project("{2150E333-8FDC-42A3-9474-1A3956D46DE8}") = "Engine", "Engine", "{10EEB6EB-C297-4B36-AE0E-5E0137BB7677}"
EndProject
Project("{2150E333-8FDC-42A3-9474-1A3956D46DE8}") = "Games", "Games", "{0FB3003B-0D4F-48CE-9280-EEAE0ADC1CD7}"
EndProject
Project("{8BC9CEB8-8B4A-11D0-8D11-00A0C91BC942}") = "UE4", "Intermediate\ProjectFiles\UE4.vcxproj", "{6264FA74-66B0-4498-97F6-959BA65A47E3}"
EndProject
Project("{8BC9CEB8-8B4A-11D0-8D11-00A0C91BC942}") = "Section3", "Intermediate\ProjectFiles\Section3.vcxproj", "{832C32BD-98AF-4CBD-A108-202F529FBCF3}"
EndProject
Global
	GlobalSection(SolutionConfigurationPlatforms) = preSolution
		DebugGame Editor|HTML5 = DebugGame Editor|HTML5
		DebugGame Editor|Win32 = DebugGame Editor|Win32
		DebugGame Editor|Win64 = DebugGame Editor|Win64
		DebugGame|HTML5 = DebugGame|HTML5
		DebugGame|Win32 = DebugGame|Win32
		DebugGame|Win64 = DebugGame|Win64
		Development Editor|HTML5 = Development Editor|HTML5
		Development Editor|Win32 = Development Editor|Win32
		Development Editor|Win64 = Development Editor|Win64
		Development|HTML5 = Development|HTML5
		Development|Win32 = Development|Win32
		Development|Win64 = Development|Win64
		Shipping|HTML5 = Shipping|HTML5
		Shipping|Win32 = Shipping|Win32
		Shipping|Win64 = Shipping|Win64
	EndGlobalSection
	GlobalSection(ProjectConfigurationPlatforms) = postSolution
		{6264FA74-66B0-4498-97F6-959BA65A47E3}.DebugGame Editor|HTML5.ActiveCfg = BuiltWithUnrealBuildTool|Win32
		{6264FA74-66B0-4498-97F6-959BA65A47E3}.DebugGame Editor|HTML5.Build.0 = BuiltWithUnrealBuildTool|Win32
		{6264FA74-66B0-4498-97F6-959BA65A47E3}.DebugGame Editor|Win32.ActiveCfg = BuiltWithUnrealBuildTool|Win32
		{6264FA74-66B0-4498-97F6-959BA65A47E3}.DebugGame Editor|Win32.Build.0 = BuiltWithUnrealBuildTool|Win32
		{6264FA74-66B0-4498-97F6-959BA65A47E3}.DebugGame Editor|Win64.ActiveCfg = BuiltWithUnrealBuildTool|Win32
		{6264FA74-66B0-4498-97F6-959BA65A47E3}.DebugGame Editor|Win64.Build.0 = BuiltWithUnrealBuildTool|Win32
		{6264FA74-66B0-4498-97F6-959BA65A47E3}.DebugGame|HTML5.ActiveCfg = BuiltWithUnrealBuildTool|Win32
		{6264FA74-66B0-4498-97F6-959BA65A47E3}.DebugGame|HTML5.Build.0 = BuiltWithUnrealBuildTool|Win32
		{6264FA74-66B0-4498-97F6-959BA65A47E3}.DebugGame|Win32.ActiveCfg = BuiltWithUnrealBuildTool|Win32
		{6264FA74-66B0-4498-97F6-959BA65A47E3}.DebugGame|Win32.Build.0 = BuiltWithUnrealBuildTool|Win32
		{6264FA74-66B0-4498-97F6-959BA65A47E3}.DebugGame|Win64.ActiveCfg = BuiltWithUnrealBuildTool|Win32
		{6264FA74-66B0-4498-97F6-959BA65A47E3}.DebugGame|Win64.Build.0 = BuiltWithUnrealBuildTool|Win32
		{6264FA74-66B0-4498-97F6-959BA65A47E3}.Development Editor|HTML5.ActiveCfg = BuiltWithUnrealBuildTool|Win32
		{6264FA74-66B0-4498-97F6-959BA65A47E3}.Development Editor|HTML5.Build.0 = BuiltWithUnrealBuildTool|Win32
		{6264FA74-66B0-4498-97F6-959BA65A47E3}.Development Editor|Win32.ActiveCfg = BuiltWithUnrealBuildTool|Win32
		{6264FA74-66B0-4498-97F6-959BA65A47E3}.Development Editor|Win32.Build.0 = BuiltWithUnrealBuildTool|Win32
		{6264FA74-66B0-4498-97F6-959BA65A47E3}.Development Editor|Win64.ActiveCfg = BuiltWithUnrealBuildTool|Win32
		{6264FA74-66B0-4498-97F6-959BA65A47E3}.Development Editor|Win64.Build.0 = BuiltWithUnrealBuildTool|Win32
		{6264FA74-66B0-4498-97F6-959BA65A47E3}.Development|HTML5.ActiveCfg = BuiltWithUnrealBuildTool|Win32
		{6264FA74-66B0-4498-97F6-959BA65A47E3}.Development|HTML5.Build.0 = BuiltWithUnrealBuildTool|Win32
		{6264FA74-66B0-4498-97F6-959BA65A47E3}.Development|Win32.ActiveCfg = BuiltWithUnrealBuildTool|Win32
		{6264FA74-66B0-4498-97F6-959BA65A47E3}.Development|Win32.Build.0 = BuiltWithUnrealBuildTool|Win32
		{6264FA74-66B0-4498-97F6-959BA65A47E3}.Development|Win64.ActiveCfg = BuiltWithUnrealBuildTool|Win32
		{6264FA74-66B0-4498-97F6-959BA65A47E3}.Development|Win64.Build.0 = BuiltWithUnrealBuildTool|Win32
		{6264FA74-66B0-4498-97F6-959BA65A47E3}.Shipping|HTML5.ActiveCfg = BuiltWithUnrealBuildTool|Win32
		{6264FA74-66B0-4498-97F6-959BA65A47E3}.Shipping|HTML5.Build.0 = BuiltWithUnrealBuildTool|Win32
		{6264FA74-66B0-4498-97F6-959BA65A47E3}.Shipping|Win32.ActiveCfg = BuiltWithUnrealBuildTool|Win32
		{6264FA74-66B0-4498-97F6-959BA65A47E3}.Shipping|Win32.Build.0 = BuiltWithUnrealBuildTool|Win32
		{6264FA74-66B0-4498-97F6-959BA65A47E3}.Shipping|Win64.ActiveCfg = BuiltWithUnrealBuildTool|Win32
		{6264FA74-66B0-4498-97F6-959BA65A47E3}.Shipping|Win64.Build.0 = BuiltWithUnrealBuildTool|Win32
		{832C32BD-98AF-4CBD-A108-202F529FBCF3}.DebugGame Editor|HTML5.ActiveCfg = HTML5_DebugGame_Editor|Win32
		{832C32BD-98AF-4CBD-A108-202F529FBCF3}.DebugGame Editor|Win32.ActiveCfg = DebugGame_Editor|Win32
		{832C32BD-98AF-4CBD-A108-202F529FBCF3}.DebugGame Editor|Win64.ActiveCfg = DebugGame_Editor|x64
		{832C32BD-98AF-4CBD-A108-202F529FBCF3}.DebugGame Editor|Win64.Build.0 = DebugGame_Editor|x64
		{832C32BD-98AF-4CBD-A108-202F529FBCF3}.DebugGame|HTML5.ActiveCfg = HTML5_DebugGame_Game|Win32
		{832C32BD-98AF-4CBD-A108-202F529FBCF3}.DebugGame|HTML5.Build.0 = HTML5_DebugGame_Game|Win32
		{832C32BD-98AF-4CBD-A108-202F529FBCF3}.DebugGame|Win32.ActiveCfg = DebugGame_Game|Win32
		{832C32BD-98AF-4CBD-A108-202F529FBCF3}.DebugGame|Win32.Build.0 = DebugGame_Game|Win32
		{832C32BD-98AF-4CBD-A108-202F529FBCF3}.DebugGame|Win64.ActiveCfg = DebugGame_Game|x64
		{832C32BD-98AF-4CBD-A108-202F529FBCF3}.DebugGame|Win64.Build.0 = DebugGame_Game|x64
		{832C32BD-98AF-4CBD-A108-202F529FBCF3}.Development Editor|HTML5.ActiveCfg = HTML5_Development_Editor|Win32
		{832C32BD-98AF-4CBD-A108-202F529FBCF3}.Development Editor|Win32.ActiveCfg = Development_Editor|Win32
		{832C32BD-98AF-4CBD-A108-202F529FBCF3}.Development Editor|Win64.ActiveCfg = Development_Editor|x64
		{832C32BD-98AF-4CBD-A108-202F529FBCF3}.Development Editor|Win64.Build.0 = Development_Editor|x64
		{832C32BD-98AF-4CBD-A108-202F529FBCF3}.Development|HTML5.ActiveCfg = HTML5_Development_Game|Win32
		{832C32BD-98AF-4CBD-A108-202F529FBCF3}.Development|HTML5.Build.0 = HTML5_Development_Game|Win32
		{832C32BD-98AF-4CBD-A108-202F529FBCF3}.Development|Win32.ActiveCfg = Development_Game|Win32
		{832C32BD-98AF-4CBD-A108-202F529FBCF3}.Development|Win32.Build.0 = Development_Game|Win32
		{832C32BD-98AF-4CBD-A108-202F529FBCF3}.Development|Win64.ActiveCfg = Development_Game|x64
		{832C32BD-98AF-4CBD-A108-202F529FBCF3}.Development|Win64.Build.0 = Development_Game|x64
		{832C32BD-98AF-4CBD-A108-202F529FBCF3}.Shipping|HTML5.ActiveCfg = HTML5_Shipping_Game|Win32
		{832C32BD-98AF-4CBD-A108-202F529FBCF3}.Shipping|HTML5.Build.0 = HTML5_Shipping_Game|Win32
		{832C32BD-98AF-4CBD-A108-202F529FBCF3}.Shipping|Win32.ActiveCfg = Shipping_Game|Win32
		{832C32BD-98AF-4CBD-A108-202F529FBCF3}.Shipping|Win32.Build.0 = Shipping_Game|Win32
		{832C32BD-98AF-4CBD-A108-202F529FBCF3}.Shipping|Win64.ActiveCfg = Shipping_Game|x64
		{832C32BD-98AF-4CBD-A108-202F529FBCF3}.Shipping|Win64.Build.0 = Shipping_Game|x64
	EndGlobalSection
	GlobalSection(SolutionProperties) = preSolution
		HideSolutionNode = FALSE
	EndGlobalSection
	GlobalSection(NestedProjects) = preSolution
		{6264FA74-66B0-4498-97F6-959BA65A47E3} = {10EEB6EB-C297-4B36-AE0E-5E0137BB7677}
		{832C32BD-98AF-4CBD-A108-202F529FBCF3} = {0FB3003B-0D4F-48CE-9280-EEAE0ADC1CD7}
	EndGlobalSection
	GlobalSection(ExtensibilityGlobals) = postSolution
		SolutionGuid = {775EAF36-A497-4C49-A8D8-5EC2B4FF71D1}
	EndGlobalSection
EndGlobal
